GIT
  remote: https://github.com/paracycle/json_api_client.git
  revision: 606196035e27f172e686194b583bf4704296a00f
  branch: uk-bump-versions
  specs:
    json_api_client (1.23.0)
      activemodel (>= 6.0.0)
      activesupport (>= 6.0.0)
      addressable (~> 2.2)
      faraday (>= 1.10, < 3.0)
      faraday-gzip (>= 1.0, < 4.0)
      rack (>= 0.2)

PATH
  remote: .
  specs:
    tapioca (0.19.2)
      benchmark
      bundler (>= 2.2.25)
      netrc (>= 0.11.0)
      parallel (>= 1.21.0)
      rbi (>= 0.3.7)
      require-hooks (>= 0.2.2)
      rubydex (>= 0.1.0.beta10)
      sorbet-static-and-runtime (>= 0.6.12698)
      spoom (>= 1.7.16)
      thor (>= 1.2.0)
      tsort

GEM
  remote: https://rubygems.org/
  specs:
    aasm (6.0.0)
      concurrent-ruby (~> 1.0)
    action_text-trix (2.1.19)
      railties
    actioncable (8.1.3.1)
      actionpack (= 8.1.3.1)
      activesupport (= 8.1.3.1)
      nio4r (~> 2.0)
      websocket-driver (>= 0.6.1)
      zeitwerk (~> 2.6)
    actionmailbox (8.1.3.1)
      actionpack (= 8.1.3.1)
      activejob (= 8.1.3.1)
      activerecord (= 8.1.3.1)
      activestorage (= 8.1.3.1)
      activesupport (= 8.1.3.1)
      mail (>= 2.8.0)
    actionmailer (8.1.3.1)
      actionpack (= 8.1.3.1)
      actionview (= 8.1.3.1)
      activejob (= 8.1.3.1)
      activesupport (= 8.1.3.1)
      mail (>= 2.8.0)
      rails-dom-testing (~> 2.2)
    actionpack (8.1.3.1)
      actionview (= 8.1.3.1)
      activesupport (= 8.1.3.1)
      nokogiri (>= 1.8.5)
      rack (>= 2.2.4)
      rack-session (>= 1.0.1)
      rack-test (>= 0.6.3)
      rails-dom-testing (~> 2.2)
      rails-html-sanitizer (~> 1.6)
      useragent (~> 0.16)
    actiontext (8.1.3.1)
      action_text-trix (~> 2.1.15)
      actionpack (= 8.1.3.1)
      activerecord (= 8.1.3.1)
      activestorage (= 8.1.3.1)
      activesupport (= 8.1.3.1)
      globalid (>= 0.6.0)
      nokogiri (>= 1.8.5)
    actionview (8.1.3.1)
      activesupport (= 8.1.3.1)
      builder (~> 3.1)
      erubi (~> 1.11)
      rails-dom-testing (~> 2.2)
      rails-html-sanitizer (~> 1.6)
    activejob (8.1.3.1)
      activesupport (= 8.1.3.1)
      globalid (>= 0.3.6)
    activemodel (8.1.3.1)
      activesupport (= 8.1.3.1)
    activemodel-serializers-xml (1.0.3)
      activemodel (>= 5.0.0.a)
      activesupport (>= 5.0.0.a)
      builder (~> 3.1)
    activerecord (8.1.3.1)
      activemodel (= 8.1.3.1)
      activesupport (= 8.1.3.1)
      timeout (>= 0.4.0)
    activerecord-typedstore (1.6.0)
      activerecord (>= 6.1)
    activeresource (6.2.0)
      activemodel (>= 7.0)
      activemodel-serializers-xml (~> 1.0)
      activesupport (>= 7.0)
    activestorage (8.1.3.1)
      actionpack (= 8.1.3.1)
      activejob (= 8.1.3.1)
      activerecord (= 8.1.3.1)
      activesupport (= 8.1.3.1)
      marcel (~> 1.0)
    activesupport (8.1.3.1)
      base64
      bigdecimal
      concurrent-ruby (~> 1.0, >= 1.3.1)
      connection_pool (>= 2.2.5)
      drb
      i18n (>= 1.6, < 2)
      json
      logger (>= 1.4.2)
      minitest (>= 5.1)
      securerandom (>= 0.3)
      tzinfo (~> 2.0, >= 2.0.5)
      uri (>= 0.13.1)
    addressable (2.9.0)
      public_suffix (>= 2.0.2, < 8.0)
    ansi (1.6.0)
    ar_transaction_changes (1.1.11)
      activerecord (>= 7.0.0)
    ast (2.4.3)
    base64 (0.3.0)
    bcrypt (3.1.22)
    benchmark (0.5.0)
    bigdecimal (4.1.2)
    builder (3.3.0)
    cityhash (0.9.0)
    concurrent-ruby (1.3.8)
    config (5.6.1)
      deep_merge (~> 1.2, >= 1.2.1)
      ostruct
    connection_pool (3.0.2)
    crack (1.0.1)
      bigdecimal
      rexml
    crass (1.0.7)
    dalli (4.3.3)
      logger
    date (3.5.1)
    debug (1.11.1)
      irb (~> 1.10)
      reline (>= 0.3.8)
    deep_merge (1.2.2)
    drb (2.2.3)
    erb (6.0.6)
    erubi (1.13.1)
    faraday (2.14.3)
      faraday-net_http (>= 2.0, < 3.5)
      json
      logger
    faraday-gzip (3.1.0)
      faraday (>= 2.0, < 3)
      zlib (~> 3.0)
    faraday-net_http (3.4.4)
      net-http (~> 0.5)
    fiber-storage (1.0.1)
    frozen_record (0.27.4)
      activemodel
    globalid (1.4.0)
      activesupport (>= 6.1)
    google-protobuf (4.35.1-aarch64-linux-gnu)
      bigdecimal
      rake (~> 13.3)
    google-protobuf (4.35.1-aarch64-linux-musl)
      bigdecimal
      rake (~> 13.3)
    google-protobuf (4.35.1-arm64-darwin)
      bigdecimal
      rake (~> 13.3)
    google-protobuf (4.35.1-x86_64-darwin)
      bigdecimal
      rake (~> 13.3)
    google-protobuf (4.35.1-x86_64-linux-gnu)
      bigdecimal
      rake (~> 13.3)
    google-protobuf (4.35.1-x86_64-linux-musl)
      bigdecimal
      rake (~> 13.3)
    graphql (2.6.6)
      base64
      fiber-storage
      logger
    hashdiff (1.2.1)
    i18n (1.15.2)
      concurrent-ruby (~> 1.0)
    identity_cache (1.6.4)
      activerecord (>= 7.0)
      ar_transaction_changes (~> 1.1)
    io-console (0.8.2)
    irb (1.18.0)
      pp (>= 0.6.0)
      prism (>= 1.3.0)
      rdoc (>= 4.0.0)
      reline (>= 0.4.2)
    json (2.21.2)
    kramdown (2.5.2)
      rexml (>= 3.4.4)
    kredis (1.8.0)
      activemodel (>= 6.0.0)
      activesupport (>= 6.0.0)
      redis (>= 4.2, < 6)
    language_server-protocol (3.17.0.6)
    lint_roller (1.1.0)
    logger (1.7.0)
    loofah (2.25.2)
      crass (~> 1.0.2)
      nokogiri (>= 1.12.0)
    mail (2.9.1)
      logger
      mini_mime (>= 0.1.1)
      net-imap
      net-pop
      net-smtp
    marcel (1.2.1)
    mini_mime (1.1.5)
    minitest (6.0.6)
      drb (~> 2.0)
      prism (~> 1.5)
    minitest-hooks (1.5.4)
      minitest (> 5.3)
    minitest-mock (5.27.0)
    minitest-reporters (1.8.0)
      ansi
      builder
      minitest (>= 5.0, < 7)
      ruby-progressbar
    mutex_m (0.3.0)
    net-http (0.9.1)
      uri (>= 0.11.1)
    net-imap (0.6.6)
      date
      net-protocol
    net-pop (0.1.2)
      net-protocol
    net-protocol (0.2.2)
      timeout
    net-smtp (0.5.1)
      net-protocol
    netrc (0.11.0)
    nio4r (2.7.5)
    nokogiri (1.19.4-aarch64-linux-gnu)
      racc (~> 1.4)
    nokogiri (1.19.4-aarch64-linux-musl)
      racc (~> 1.4)
    nokogiri (1.19.4-arm64-darwin)
      racc (~> 1.4)
    nokogiri (1.19.4-x86_64-darwin)
      racc (~> 1.4)
    nokogiri (1.19.4-x86_64-linux-gnu)
      racc (~> 1.4)
    nokogiri (1.19.4-x86_64-linux-musl)
      racc (~> 1.4)
    ostruct (0.6.2)
    parallel (2.1.0)
    parser (3.3.12.0)
      ast (~> 2.4.1)
      racc
    pp (0.6.4)
      prettyprint
    prettyprint (0.2.0)
    prism (1.9.0)
    public_suffix (7.0.5)
    racc (1.8.1)
    rack (3.2.6)
    rack-session (2.1.2)
      base64 (>= 0.1.0)
      rack (>= 3.0.0)
    rack-test (2.2.0)
      rack (>= 1.3)
    rackup (2.3.1)
      rack (>= 3)
    rails (8.1.3.1)
      actioncable (= 8.1.3.1)
      actionmailbox (= 8.1.3.1)
      actionmailer (= 8.1.3.1)
      actionpack (= 8.1.3.1)
      actiontext (= 8.1.3.1)
      actionview (= 8.1.3.1)
      activejob (= 8.1.3.1)
      activemodel (= 8.1.3.1)
      activerecord (= 8.1.3.1)
      activestorage (= 8.1.3.1)
      activesupport (= 8.1.3.1)
      bundler (>= 1.15.0)
      railties (= 8.1.3.1)
    rails-dom-testing (2.3.0)
      activesupport (>= 5.0.0)
      minitest
      nokogiri (>= 1.6)
    rails-html-sanitizer (1.7.1)
      loofah (~> 2.25, >= 2.25.2)
      nokogiri (>= 1.15.7, != 1.16.7, != 1.16.6, != 1.16.5, != 1.16.4, != 1.16.3, != 1.16.2, != 1.16.1, != 1.16.0.rc1, != 1.16.0)
    railties (8.1.3.1)
      actionpack (= 8.1.3.1)
      activesupport (= 8.1.3.1)
      irb (~> 1.13)
      rackup (>= 1.0.0)
      rake (>= 12.2)
      thor (~> 1.0, >= 1.2.2)
      tsort (>= 0.2)
      zeitwerk (~> 2.6)
    rainbow (3.1.1)
    rake (13.4.2)
    rbi (0.4.0)
      prism (~> 1.0)
      rbs (>= 4.0.1)
    rbs (4.1.0)
      logger
      prism (>= 1.6.0)
      tsort
    rdoc (8.0.0)
      erb
      prism (>= 1.6.0)
      rbs (>= 4.0.0)
      tsort
    redis (5.4.0)
      redis-client (>= 0.22.0)
    redis-client (0.29.0)
      connection_pool
    regexp_parser (2.12.0)
    reline (0.6.3)
      io-console (~> 0.5)
    require-hooks (0.4.1)
    rexml (3.4.4)
    rubocop (1.88.2)
      json (~> 2.3)
      language_server-protocol (~> 3.17.0.2)
      lint_roller (~> 1.1.0)
      parallel (>= 1.10)
      parser (>= 3.3.0.2)
      rainbow (>= 2.2.2, < 4.0)
      regexp_parser (>= 2.9.3, < 3.0)
      rubocop-ast (>= 1.49.0, < 2.0)
      ruby-progressbar (~> 1.7)
      unicode-display_width (>= 2.4.0, < 4.0)
    rubocop-ast (1.50.0)
      parser (>= 3.3.7.2)
      prism (~> 1.7)
    rubocop-rspec (3.10.2)
      lint_roller (~> 1.1)
      regexp_parser (>= 2.0)
      rubocop (~> 1.86, >= 1.86.2)
    rubocop-shopify (2.18.0)
      rubocop (~> 1.62)
    rubocop-sorbet (0.13.2)
      lint_roller
      rubocop (>= 1.75.2)
    ruby-lsp (0.26.10)
      language_server-protocol (~> 3.17.0)
      prism (>= 1.2, < 2.0)
      rbs (>= 3, < 5)
    ruby-lsp-rails (0.4.8)
      ruby-lsp (>= 0.26.0, < 0.27.0)
    ruby-progressbar (1.13.0)
    rubydex (0.3.0-aarch64-linux)
    rubydex (0.3.0-arm64-darwin)
    rubydex (0.3.0-x86_64-darwin)
    rubydex (0.3.0-x86_64-linux)
    securerandom (0.4.1)
    shopify-money (4.1.1)
      bigdecimal (>= 3.0)
    sidekiq (8.1.6)
      connection_pool (>= 3.0.0)
      json (>= 2.16.0)
      logger (>= 1.7.0)
      rack (>= 3.2.0)
      redis-client (>= 0.29.0)
    smart_properties (1.17.0)
    sorbet (0.6.13363)
      sorbet-static (= 0.6.13363)
    sorbet-runtime (0.6.13363)
    sorbet-static (0.6.13363-aarch64-linux)
    sorbet-static (0.6.13363-universal-darwin)
    sorbet-static (0.6.13363-x86_64-linux)
    sorbet-static-and-runtime (0.6.13363)
      sorbet (= 0.6.13363)
      sorbet-runtime (= 0.6.13363)
    spoom (1.8.4)
      erubi (>= 1.10.0)
      prism (>= 0.28.0)
      rbi (>= 0.3.15)
      rbs (>= 4.0.0.dev.5)
      rexml (>= 3.2.6)
      sorbet-static-and-runtime (>= 0.5.10187)
      thor (>= 0.19.2)
    sprockets (4.2.2)
      concurrent-ruby (~> 1.0)
      logger
      rack (>= 2.2.4, < 4)
    sqlite3 (2.9.0-aarch64-linux-gnu)
    sqlite3 (2.9.0-aarch64-linux-musl)
    sqlite3 (2.9.0-arm64-darwin)
    sqlite3 (2.9.0-x86_64-darwin)
    sqlite3 (2.9.0-x86_64-linux-gnu)
    sqlite3 (2.9.0-x86_64-linux-musl)
    state_machines (0.202.0)
    thor (1.5.0)
    timeout (0.6.1)
    tsort (0.2.0)
    tzinfo (2.0.6)
      concurrent-ruby (~> 1.0)
    unicode-display_width (3.2.0)
      unicode-emoji (~> 4.1)
    unicode-emoji (4.2.0)
    uri (1.1.1)
    useragent (0.16.11)
    webmock (3.26.2)
      addressable (>= 2.8.0)
      crack (>= 0.3.2)
      hashdiff (>= 0.4.0, < 2.0.0)
    websocket-driver (0.8.2)
      base64
      websocket-extensions (>= 0.1.0)
    websocket-extensions (0.1.5)
    xpath (3.2.0)
      nokogiri (~> 1.8)
    yard (0.9.45)
    zeitwerk (2.8.3)
    zlib (3.2.3)

PLATFORMS
  aarch64-linux
  aarch64-linux-gnu
  aarch64-linux-musl
  arm64-darwin
  universal-darwin
  x86_64-darwin
  x86_64-linux
  x86_64-linux-gnu
  x86_64-linux-musl

DEPENDENCIES
  aasm
  activerecord-typedstore
  activeresource
  bcrypt
  cityhash
  config
  dalli
  debug
  frozen_record
  google-protobuf
  graphql
  identity_cache
  irb
  json_api_client!
  kramdown (~> 2.5)
  kredis
  minitest
  minitest-hooks
  minitest-mock
  minitest-reporters
  mutex_m
  nokogiri
  rails (~> 8.1.0)
  rake
  rubocop-rspec
  rubocop-shopify
  rubocop-sorbet (>= 0.4.1)
  ruby-lsp (>= 0.23.1)
  ruby-lsp-rails (>= 0.4)
  shopify-money
  sidekiq
  smart_properties
  sorbet-static
  sprockets
  sqlite3
  state_machines
  tapioca!
  webmock
  xpath
  yard

CHECKSUMS
  aasm (6.0.0) sha256=c96ce60ea9574eb194e33f29d801be430b8cade2f31c8a5d137a9870ee39d404
  action_text-trix (2.1.19) sha256=7012f59421009cf284aa651294896414d653a61a2417c9b8714c8476d2f74009
  actioncable (8.1.3.1) sha256=e318528295c878a3efdfe25f0f2267c80cb7a76eba41bb5f64d44aa380a3d91b
  actionmailbox (8.1.3.1) sha256=5f704972097d843ade8e435e93694a1dac732b926df1717aceba1f3840082b1c
  actionmailer (8.1.3.1) sha256=88ea441b28ff02a0c6c006468892642a3d9942affce9d294e81a74504aa5c43c
  actionpack (8.1.3.1) sha256=974cb7154548e81f470b1b0f247b99cb38e87825899dca58610596e2817723d0
  actiontext (8.1.3.1) sha256=5da729d833d1a29cddb1eee938878e55e503d2613e00e735f5daf58c2ba98af2
  actionview (8.1.3.1) sha256=2da68b8414c47b43bfbed1ce69c5afe1c04f78c267aacb5660a4cab5ca12cfb6
  activejob (8.1.3.1) sha256=1c8dd275df930df40deecffec63d913a550a33fd94bd298f69721dd96939954a
  activemodel (8.1.3.1) sha256=99cc02ce2faec371d14440949d85787ebd23a907c9baef0a9d4bcd4d21888f88
  activemodel-serializers-xml (1.0.3) sha256=fa1b16305e7254cc58a59c68833e3c0a593a59c8ab95d3be5aaea7cd9416c397
  activerecord (8.1.3.1) sha256=0a2fb6c28f4938f6b013a3a549bec0a7e37d535f3dc8990e804bcc3258c0403b
  activerecord-typedstore (1.6.0) sha256=c94036c0a55e27aca048f9605b2a3c6503c3a33e76ef43050d82cbdba61c1a40
  activeresource (6.2.0) sha256=818ca60d3cd1ff7bbb7277f41250ad4d61a7cdbe30fbf52b2145e1b66ed13900
  activestorage (8.1.3.1) sha256=f555254f387b1cffa499d2fd3115d12635eadc5b15206a8534316a67036163ef
  activesupport (8.1.3.1) sha256=85458765f25ea48b9019c46b6bb3fa5683197bf4280d9f06710a6e8d7a831376
  addressable (2.9.0) sha256=7fdf6ac3660f7f4e867a0838be3f6cf722ace541dd97767fa42bc6cfa980c7af
  ansi (1.6.0) sha256=ac9ea0c0ea8d32fb4e271348e609963ac78882f34b73836c2a02b3622e666658
  ar_transaction_changes (1.1.11) sha256=97601ddad713b439cb297c7e7e79114d2ec3190e338f7b8af407714bfe49e1d2
  ast (2.4.3) sha256=954615157c1d6a382bc27d690d973195e79db7f55e9765ac7c481c60bdb4d383
  base64 (0.3.0) sha256=27337aeabad6ffae05c265c450490628ef3ebd4b67be58257393227588f5a97b
  bcrypt (3.1.22) sha256=1f0072e88c2d705d94aff7f2c5cb02eb3f1ec4b8368671e19112527489f29032
  benchmark (0.5.0) sha256=465df122341aedcb81a2a24b4d3bd19b6c67c1530713fd533f3ff034e419236c
  bigdecimal (4.1.2) sha256=53d217666027eab4280346fba98e7d5b66baaae1b9c3c1c0ffe89d48188a3fbd
  builder (3.3.0) sha256=497918d2f9dca528fdca4b88d84e4ef4387256d984b8154e9d5d3fe5a9c8835f
  cityhash (0.9.0) sha256=1c20843d286524de21d0ecf5d43c7e7f18f5fb0c5866294a717f0be13dc1962d
  concurrent-ruby (1.3.8) sha256=b2f1be836e968ccc78ccfce277ea79c72a88633f22306782c16ff23fb415d1e1
  config (5.6.1) sha256=a9f0f0f9ffa6d12d43147a3fa1ab8486fe484c3098a350c6a2e0f32430e0d1cc
  connection_pool (3.0.2) sha256=33fff5ba71a12d2aa26cb72b1db8bba2a1a01823559fb01d29eb74c286e62e0a
  crack (1.0.1) sha256=ff4a10390cd31d66440b7524eb1841874db86201d5b70032028553130b6d4c7e
  crass (1.0.7) sha256=94868719948664c89ddcaf0a37c65048413dfcb1c869470a5f7a7ceb5390b295
  dalli (4.3.3) sha256=ae58aa3442b0d9e129898f56bc6e3a0f8b6149523e723b3eb124a05ae9a2da0c
  date (3.5.1) sha256=750d06384d7b9c15d562c76291407d89e368dda4d4fff957eb94962d325a0dc0
  debug (1.11.1) sha256=2e0b0ac6119f2207a6f8ac7d4a73ca8eb4e440f64da0a3136c30343146e952b6
  deep_merge (1.2.2) sha256=83ced3a3d7f95f67de958d2ce41b1874e83c8d94fe2ddbff50c8b4b82323563a
  drb (2.2.3) sha256=0b00d6fdb50995fe4a45dea13663493c841112e4068656854646f418fda13373
  erb (6.0.6) sha256=a9b24986700f5bf127c4f297c5403c3ca41b83b0a316c0cd09a096b56e644ae5
  erubi (1.13.1) sha256=a082103b0885dbc5ecf1172fede897f9ebdb745a4b97a5e8dc63953db1ee4ad9
  faraday (2.14.3) sha256=1882247e6766615c8220b4392bf1d27f6ebb63d8e28267587cef1fb0bf37f278
  faraday-gzip (3.1.0) sha256=320783690be169f9b7ddde11598b77156951343753f66a9ab98b1f6694433ff8
  faraday-net_http (3.4.4) sha256=0e78af151747ed1b00f33e25973b4bc220d7f16c00c39676817c8b12331eb588
  fiber-storage (1.0.1) sha256=f48e5b6d8b0be96dac486332b55cee82240057065dc761c1ea692b2e719240e1
  frozen_record (0.27.4) sha256=c6f6a3b64d11046bc6143d174ebf53777b3194b0caff4e3ab653c947de1b8d57
  globalid (1.4.0) sha256=037f12fbf1d9d7a014d501c2d5c77356fd4ddd96d7a7991d6700bba96706f427
  google-protobuf (4.35.1-aarch64-linux-gnu) sha256=50ca44d0eeff3f8475e630a1accdd974256f3510694d574e2c9d6119ea8bc9e1
  google-protobuf (4.35.1-aarch64-linux-musl) sha256=d5c65cef6bd6498a9e5ed5f88cf6cf7e341c10b0a005e32137d5d1a2b6e8c18a
  google-protobuf (4.35.1-arm64-darwin) sha256=d9c957df04fa89c749fa9a72a7b383eb4296efc9b2303dc6fd6fbe39c698ad6b
  google-protobuf (4.35.1-x86_64-darwin) sha256=66b62b4df00931018a692806df66393efa960d6d2b7da69735187249f950d3ee
  google-protobuf (4.35.1-x86_64-linux-gnu) sha256=c786439087512a3fbd199e9897d265b855f951d4027e218ea55e858d45969edd
  google-protobuf (4.35.1-x86_64-linux-musl) sha256=91890eb0002934a339fdb7d77a147c46b7474b6799db27872b747b905837f744
  graphql (2.6.6) sha256=7438e2036b571c884377eb1529225470ba959365f26dc47152953c213bc38c31
  hashdiff (1.2.1) sha256=9c079dbc513dfc8833ab59c0c2d8f230fa28499cc5efb4b8dd276cf931457cd1
  i18n (1.15.2) sha256=00f9eb62412fe593b2a65a97daa75300d37abb8f7202ec748e94b6d46a9dd1b5
  identity_cache (1.6.4) sha256=3f043ff06577765ef532656b1af1058f9a983edcf525ba4f5fa79f0bd6324f26
  io-console (0.8.2) sha256=d6e3ae7a7cc7574f4b8893b4fca2162e57a825b223a177b7afa236c5ef9814cc
  irb (1.18.0) sha256=de9454a0703a54704b9811a5ef31a60c86949fbf4013fcf244fabc7c775248e3
  json (2.21.2) sha256=1f1d3b7cf2b3ba1a69beca0bb6db13d5438b80bff3cd54cdaaa620b9b07c1c6a
  json_api_client (1.23.0)
  kramdown (2.5.2) sha256=1ba542204c66b6f9111ff00dcc26075b95b220b07f2905d8261740c82f7f02fa
  kredis (1.8.0) sha256=34b72a0bc242d7aaea98e82b6a5a8c293a27e1b26f2c729a8d4e1e1409886150
  language_server-protocol (3.17.0.6) sha256=5ef2c0c138f8267e1bc631d3328347d354f96724b0af22f2c79516120443b7f0
  lint_roller (1.1.0) sha256=2c0c845b632a7d172cb849cc90c1bce937a28c5c8ccccb50dfd46a485003cc87
  logger (1.7.0) sha256=196edec7cc44b66cfb40f9755ce11b392f21f7967696af15d274dde7edff0203
  loofah (2.25.2) sha256=2007f746959ac65552456e04b433e83deb22759ab38c838b4445c70e43425918
  mail (2.9.1) sha256=06574eca475253d6c18145dd70af80d0eb970182d55053497c5f4d797ea160e8
  marcel (1.2.1) sha256=1678e9360e32f9eafa917c80029e2f6d10b2715c66a4b87b6d0da9b9cd1f859f
  mini_mime (1.1.5) sha256=8681b7e2e4215f2a159f9400b5816d85e9d8c6c6b491e96a12797e798f8bccef
  minitest (6.0.6) sha256=153ea36d1d987a62942382b61075745042a2b3123b1cd48f4c3675af9cc7d6f1
  minitest-hooks (1.5.4) sha256=1254069f3da51fea234dc4ff974108d03d19260ad5c4b78eed9695726a5069b8
  minitest-mock (5.27.0) sha256=7040ed7185417a966920987eaa6eaf1be4ea1fc5b25bb03ff4703f98564a55b0
  minitest-reporters (1.8.0) sha256=8ce5280fb73ad3178ae525454df169b6f28c1b38b1d088ea91815d3a370ba384
  mutex_m (0.3.0) sha256=cfcb04ac16b69c4813777022fdceda24e9f798e48092a2b817eb4c0a782b0751
  net-http (0.9.1) sha256=25ba0b67c63e89df626ed8fac771d0ad24ad151a858af2cc8e6a716ca4336996
  net-imap (0.6.6) sha256=96aa4ee50df3060203e649efc341f53480b791d49e150f2fdebf68beb141a8df
  net-pop (0.1.2) sha256=848b4e982013c15b2f0382792268763b748cce91c9e91e36b0f27ed26420dff3
  net-protocol (0.2.2) sha256=aa73e0cba6a125369de9837b8d8ef82a61849360eba0521900e2c3713aa162a8
  net-smtp (0.5.1) sha256=ed96a0af63c524fceb4b29b0d352195c30d82dd916a42f03c62a3a70e5b70736
  netrc (0.11.0) sha256=de1ce33da8c99ab1d97871726cba75151113f117146becbe45aa85cb3dabee3f
  nio4r (2.7.5) sha256=6c90168e48fb5f8e768419c93abb94ba2b892a1d0602cb06eef16d8b7df1dca1
  nokogiri (1.19.4-aarch64-linux-gnu) sha256=1269fb644a6de405057a53dd5c762b1209b43ca7424f839454d3dbc677c31a8f
  nokogiri (1.19.4-aarch64-linux-musl) sha256=35c65b9ce72b3bb03207bdbe7067915019dc18c1b9b59139684bd6690fdd01af
  nokogiri (1.19.4-arm64-darwin) sha256=a46db9853286e6597b36ebc6953817d15acf3a299583eb3f89fdc6f91dd63527
  nokogiri (1.19.4-x86_64-darwin) sha256=7fd17057d3e1f00e9954a74b3cd76595d3d4a5ef233b7ed9599047c204f70551
  nokogiri (1.19.4-x86_64-linux-gnu) sha256=379fae440b28915e3f19d752ce2dcf8465ed2b2fbefd2a7ca0dd497bc981a06a
  nokogiri (1.19.4-x86_64-linux-musl) sha256=17dfb7c1fa194ae02fbf7c51a7afc8d278045ab3fdacfd86f91d02d7b274470b
  ostruct (0.6.2) sha256=6d7302a299e400a2c248d6ce0dad18fc3a5714e8096facc25ffd0c54ee57cfc0
  parallel (2.1.0) sha256=b35258865c2e31134c5ecb708beaaf6772adf9d5efae28e93e99260877b09356
  parser (3.3.12.0) sha256=21a6d7f755d5a24dfbdc6e6b772e4e879a52e7631a88bc5a3a134606052c9828
  pp (0.6.4) sha256=dfcb0fce700c41456265922884f9fe195d7fbb0674a3578e6c0f69588e82b570
  prettyprint (0.2.0) sha256=2bc9e15581a94742064a3cc8b0fb9d45aae3d03a1baa6ef80922627a0766f193
  prism (1.9.0) sha256=7b530c6a9f92c24300014919c9dcbc055bf4cdf51ec30aed099b06cd6674ef85
  public_suffix (7.0.5) sha256=1a8bb08f1bbea19228d3bed6e5ed908d1cb4f7c2726d18bd9cadf60bc676f623
  racc (1.8.1) sha256=4a7f6929691dbec8b5209a0b373bc2614882b55fc5d2e447a21aaa691303d62f
  rack (3.2.6) sha256=5ed78e1f73b2e25679bec7d45ee2d4483cc4146eb1be0264fc4d94cb5ef212c2
  rack-session (2.1.2) sha256=595434f8c0c3473ae7d7ac56ecda6cc6dfd9d37c0b2b5255330aa1576967ffe8
  rack-test (2.2.0) sha256=005a36692c306ac0b4a9350355ee080fd09ddef1148a5f8b2ac636c720f5c463
  rackup (2.3.1) sha256=6c79c26753778e90983761d677a48937ee3192b3ffef6bc963c0950f94688868
  rails (8.1.3.1) sha256=ccd11a36bfc171bf9c66d585d14c0ece91c0c9dde840aae60c0118d6f5c9c52a
  rails-dom-testing (2.3.0) sha256=8acc7953a7b911ca44588bf08737bc16719f431a1cc3091a292bca7317925c1d
  rails-html-sanitizer (1.7.1) sha256=e797a7c9b01e567307e317c576b49ab4168017e63eea4dba9ce3cb587e2f22c2
  railties (8.1.3.1) sha256=2388a232579a00cefea4487de66c8553c3408c1300abdc6cf1799d86ffb04487
  rainbow (3.1.1) sha256=039491aa3a89f42efa1d6dec2fc4e62ede96eb6acd95e52f1ad581182b79bc6a
  rake (13.4.2) sha256=cb825b2bd5f1f8e91ca37bddb4b9aaf345551b4731da62949be002fa89283701
  rbi (0.4.0) sha256=cb54fe8ba39c113e7c8ce93b411d2681cf9c67d95c2da779906d61d6ecb902d3
  rbs (4.1.0) sha256=8baba59008b0643b4ba2090e9b1d0149655b0bbd42eb2ffe42b1d0eb6923fd72
  rdoc (8.0.0) sha256=03bf8c08a9639658855a0cfd77c0abca8325c227693f7f33f82957811348c469
  redis (5.4.0) sha256=798900d869418a9fc3977f916578375b45c38247a556b61d58cba6bb02f7d06b
  redis-client (0.29.0) sha256=0c65bf1f8f6dca22063ddb085c0bb2054feef6f03a84869f4161b18a9a15bea3
  regexp_parser (2.12.0) sha256=35a916a1d63190ab5c9009457136ae5f3c0c7512d60291d0d1378ba18ce08ebb
  reline (0.6.3) sha256=1198b04973565b36ec0f11542ab3f5cfeeec34823f4e54cebde90968092b1835
  require-hooks (0.4.1) sha256=3a4cd3ed0131b9ec5c2e68f64cb0c5ba56daec6fc363d56e8eef74816c374d7d
  rexml (3.4.4) sha256=19e0a2c3425dfbf2d4fc1189747bdb2f849b6c5e74180401b15734bc97b5d142
  rubocop (1.88.2) sha256=8def251c90cd955feb4daa3edc0ab56893250c4ce90ef81e6c80c03f9a939bbf
  rubocop-ast (1.50.0) sha256=b9ca88300da0803ee222ad20cdb30494c0a784eed06fdc35d254b06d662788db
  rubocop-rspec (3.10.2) sha256=0b3e2ecc592cd10ecbf0095bb58d1e357905276e069643523cc19eb7495f65e2
  rubocop-shopify (2.18.0) sha256=dafa25e5617ce4600ff86b1de3d5b78e43ab3d58cc5729df38e492b8e10294eb
  rubocop-sorbet (0.13.2) sha256=7901e57b6b8e9e9b970d941dbdbb89f2c9de0183bfd2551460468f8aa9548655
  ruby-lsp (0.26.10) sha256=e67284af94423531f6b9a583350596421b5a6a4dd93083f1c2ba03da7c23bbed
  ruby-lsp-rails (0.4.8) sha256=f09d1f926d4063deeb2f3049311925c20dfe6c912371e3bcd04a265a865c44ae
  ruby-progressbar (1.13.0) sha256=80fc9c47a9b640d6834e0dc7b3c94c9df37f08cb072b7761e4a71e22cff29b33
  rubydex (0.3.0-aarch64-linux) sha256=a7221b71b21c5a1cdda1fbac0946ee0411a2efd94c8115cf37e4e69461d88e73
  rubydex (0.3.0-arm64-darwin) sha256=19f685610216e4e7f488722ac90dfbc33113a384dd16db309cf939606f4c32dd
  rubydex (0.3.0-x86_64-darwin) sha256=59d20c98b0bf2226f5db5bee14cf57075aa93aa0c3fa0176f496a217691ff7b6
  rubydex (0.3.0-x86_64-linux) sha256=dfe4026591f226b4a1b53f82f86dc14fad2e7c221ee8a5be99a0a46bf2d58b04
  securerandom (0.4.1) sha256=cc5193d414a4341b6e225f0cb4446aceca8e50d5e1888743fac16987638ea0b1
  shopify-money (4.1.1) sha256=523078e44bfde1920f8b3487ddf9144e0fb6af8cdf67e212bed02025c5c5f423
  sidekiq (8.1.6) sha256=be20cd051124b1a16cf97ea9157137abbd30a515c16a5ae9312d2eadd045e40f
  smart_properties (1.17.0) sha256=f9323f8122e932341756ddec8e0ac9ec6e238408a7661508be99439ca6d6384b
  sorbet (0.6.13363) sha256=e9fb44bd815617f698ec69547b3901c35fcee5e0f197900f2d64857e2c5ad01e
  sorbet-runtime (0.6.13363) sha256=f1f0b2e946fb3cd76b9d8e3d85459cdaf7f5466331a400cafcf008e508b6d2c3
  sorbet-static (0.6.13363-aarch64-linux) sha256=e8177fceb59678b9449ed94ce8c115783a73b14f5d7597e2a51029f3230fc21e
  sorbet-static (0.6.13363-universal-darwin) sha256=b2e4863b325d0d3d3764ebbaca4fa08ef08f8c1d1b891e10ec6391bf624413b9
  sorbet-static (0.6.13363-x86_64-linux) sha256=c5252f9e05d4f8b14686ffef928d5bb56a8e441d18f4d256b42c93471d1e1e54
  sorbet-static-and-runtime (0.6.13363) sha256=12d8b45cb1c51911398737a3e40fd50c990a130302469b0710f60d14e75dacff
  spoom (1.8.4) sha256=7283c94a7bbfdfe8764af9027cee2929ef6e1a14271f285e6924e896ca52e880
  sprockets (4.2.2) sha256=761e5a49f1c288704763f73139763564c845a8f856d52fba013458f8af1b59b1
  sqlite3 (2.9.0-aarch64-linux-gnu) sha256=cfe1e0216f46d7483839719bf827129151e6c680317b99d7b8fc1597a3e13473
  sqlite3 (2.9.0-aarch64-linux-musl) sha256=56a35cb2d70779afc2ac191baf2c2148242285ecfed72f9b021218c5c4917913
  sqlite3 (2.9.0-arm64-darwin) sha256=a917bd9b84285766ff3300b7d79cd583f5a067594c8c1263e6441618c04a6ed3
  sqlite3 (2.9.0-x86_64-darwin) sha256=59fe51baa3cb33c36d27ce78b4ed9360cd33ccca09498c2ae63850c97c0a6026
  sqlite3 (2.9.0-x86_64-linux-gnu) sha256=72fff9bd750070ba3af695511ba5f0e0a2d8a9206f84869640b3e99dfaf3d5a5
  sqlite3 (2.9.0-x86_64-linux-musl) sha256=ef716ba7a66d7deb1ccc402ac3a6d7343da17fac862793b7f0be3d2917253c90
  state_machines (0.202.0) sha256=20db5367b4541155fc6d764f8ba54182ba6d49ceac7d917598709a61143a16e1
  tapioca (0.19.2)
  thor (1.5.0) sha256=e3a9e55fe857e44859ce104a84675ab6e8cd59c650a49106a05f55f136425e73
  timeout (0.6.1) sha256=78f57368a7e7bbadec56971f78a3f5ecbcfb59b7fcbb0a3ed6ddc08a5094accb
  tsort (0.2.0) sha256=9650a793f6859a43b6641671278f79cfead60ac714148aabe4e3f0060480089f
  tzinfo (2.0.6) sha256=8daf828cc77bcf7d63b0e3bdb6caa47e2272dcfaf4fbfe46f8c3a9df087a829b
  unicode-display_width (3.2.0) sha256=0cdd96b5681a5949cdbc2c55e7b420facae74c4aaf9a9815eee1087cb1853c42
  unicode-emoji (4.2.0) sha256=519e69150f75652e40bf736106cfbc8f0f73aa3fb6a65afe62fefa7f80b0f80f
  uri (1.1.1) sha256=379fa58d27ffb1387eaada68c749d1426738bd0f654d812fcc07e7568f5c57c6
  useragent (0.16.11) sha256=700e6413ad4bb954bb63547fa098dddf7b0ebe75b40cc6f93b8d54255b173844
  webmock (3.26.2) sha256=774556f2ea6371846cca68c01769b2eac0d134492d21f6d0ab5dd643965a4c90
  websocket-driver (0.8.2) sha256=97c556b019bf3410b4961002ac501621e9322d3f8a7bc02161a09301cc4c4146
  websocket-extensions (0.1.5) sha256=1c6ba63092cda343eb53fc657110c71c754c56484aad42578495227d717a8241
  xpath (3.2.0) sha256=6dfda79d91bb3b949b947ecc5919f042ef2f399b904013eb3ef6d20dd3a4082e
  yard (0.9.45) sha256=52e211493f7cb8a3ebf7e104a25a1e73937a3103092545d34cb88fafebb3dc51
  zeitwerk (2.8.3) sha256=2c85125a8467ce069e20123d1e709a08955c9d29c118c25b46b7b7fafdbb92e5
  zlib (3.2.3) sha256=5bd316698b32f31a64ab910a8b6c282442ca1626a81bbd6a1674e8522e319c20

BUNDLED WITH
  4.0.10
